// !$*UTF8*$!
{
	archiveVersion = 1;
	classes = {
	};
	objectVersion = 50;
	objects = {

/* Begin PBXBuildFile section */
		3A0B0840231EDF3800F823B7 /* Double+Rounded.swift in Sources */ = {isa = PBXBuildFile; fileRef = 3A0B083F231EDF3800F823B7 /* Double+Rounded.swift */; };
		3A0B084B23201AA300F823B7 /* Search.xcdatamodel in Sources */ = {isa = PBXBuildFile; fileRef = 3A0B084A23201AA300F823B7 /* Search.xcdatamodel */; };
		3A0B085223217DAD00F823B7 /* ExchangeTests.swift in Sources */ = {isa = PBXBuildFile; fileRef = 3A0B085123217DAD00F823B7 /* ExchangeTests.swift */; };
		3A247FA722F88D3B0097DB8D /* CityList.swift in Sources */ = {isa = PBXBuildFile; fileRef = 3A247FA622F88D3B0097DB8D /* CityList.swift */; };
		3A647AD622DB9D6E00FE69EF /* WeatherTests.swift in Sources */ = {isa = PBXBuildFile; fileRef = 3A647AD522DB9D6E00FE69EF /* WeatherTests.swift */; };
		3A7247852326B71F00AC30D6 /* Translate.swift in Sources */ = {isa = PBXBuildFile; fileRef = 3A7247842326B71F00AC30D6 /* Translate.swift */; };
		3A72478723295ADC00AC30D6 /* TranslateText.swift in Sources */ = {isa = PBXBuildFile; fileRef = 3A72478623295ADC00AC30D6 /* TranslateText.swift */; };
		3A7247892329681400AC30D6 /* credentials.json in Resources */ = {isa = PBXBuildFile; fileRef = 3A7247882329681400AC30D6 /* credentials.json */; };
		3A72478C23296F6200AC30D6 /* TranslationTests.swift in Sources */ = {isa = PBXBuildFile; fileRef = 3A72478B23296F6200AC30D6 /* TranslationTests.swift */; };
		3A754A8B22C1323900BBA6D2 /* AppDelegate.swift in Sources */ = {isa = PBXBuildFile; fileRef = 3A754A8A22C1323900BBA6D2 /* AppDelegate.swift */; };
		3A754A8D22C1323900BBA6D2 /* WeatherViewController.swift in Sources */ = {isa = PBXBuildFile; fileRef = 3A754A8C22C1323900BBA6D2 /* WeatherViewController.swift */; };
		3A754A9022C1323900BBA6D2 /* Main.storyboard in Resources */ = {isa = PBXBuildFile; fileRef = 3A754A8E22C1323900BBA6D2 /* Main.storyboard */; };
		3A754A9222C1323A00BBA6D2 /* Assets.xcassets in Resources */ = {isa = PBXBuildFile; fileRef = 3A754A9122C1323A00BBA6D2 /* Assets.xcassets */; };
		3A754A9522C1323A00BBA6D2 /* LaunchScreen.storyboard in Resources */ = {isa = PBXBuildFile; fileRef = 3A754A9322C1323A00BBA6D2 /* LaunchScreen.storyboard */; };
		3A754AAB22C1323A00BBA6D2 /* TravelUITests.swift in Sources */ = {isa = PBXBuildFile; fileRef = 3A754AAA22C1323A00BBA6D2 /* TravelUITests.swift */; };
		3A754AC022C2A6EA00BBA6D2 /* TranslationViewController.swift in Sources */ = {isa = PBXBuildFile; fileRef = 3A754ABF22C2A6EA00BBA6D2 /* TranslationViewController.swift */; };
		3A79831F22D0A1420050E4B7 /* User.swift in Sources */ = {isa = PBXBuildFile; fileRef = 3A79831E22D0A1420050E4B7 /* User.swift */; };
		3A79832122D0A34D0050E4B7 /* Const.swift in Sources */ = {isa = PBXBuildFile; fileRef = 3A79832022D0A34D0050E4B7 /* Const.swift */; };
		3A86FECE231465240022D3FA /* Exchange.swift in Sources */ = {isa = PBXBuildFile; fileRef = 3A86FECD231465240022D3FA /* Exchange.swift */; };
		3A86FED0231466250022D3FA /* ExchangeSymbole.swift in Sources */ = {isa = PBXBuildFile; fileRef = 3A86FECF231466250022D3FA /* ExchangeSymbole.swift */; };
		3A86FED223146B6C0022D3FA /* ExchangeCurrencies.swift in Sources */ = {isa = PBXBuildFile; fileRef = 3A86FED123146B6C0022D3FA /* ExchangeCurrencies.swift */; };
		3A967EB5230860E8002754DD /* WeatherHeaderView.xib in Resources */ = {isa = PBXBuildFile; fileRef = 3A967EB4230860E8002754DD /* WeatherHeaderView.xib */; };
		3A967EB7230860FD002754DD /* WeatherHeaderView.swift in Sources */ = {isa = PBXBuildFile; fileRef = 3A967EB6230860FD002754DD /* WeatherHeaderView.swift */; };
		3A9BD93222E9DAD200116F53 /* ListCity.json in Resources */ = {isa = PBXBuildFile; fileRef = 3A9BD93122E9DAD100116F53 /* ListCity.json */; };
		3AB0856D22E855BE00194E8B /* SearchCityViewController.swift in Sources */ = {isa = PBXBuildFile; fileRef = 3AB0856C22E855BE00194E8B /* SearchCityViewController.swift */; };
		3AB1B545230DE3A90042ECD9 /* SettingsExchangeViewController.swift in Sources */ = {isa = PBXBuildFile; fileRef = 3AB1B543230DE3A80042ECD9 /* SettingsExchangeViewController.swift */; };
		3AB1B546230DE3A90042ECD9 /* SettingsExchangeViewController.xib in Resources */ = {isa = PBXBuildFile; fileRef = 3AB1B544230DE3A90042ECD9 /* SettingsExchangeViewController.xib */; };
		3AB1B548230DE7830042ECD9 /* ExchangeViewController.swift in Sources */ = {isa = PBXBuildFile; fileRef = 3AB1B547230DE7830042ECD9 /* ExchangeViewController.swift */; };
		3AC9608122EF4CC10045887F /* City.swift in Sources */ = {isa = PBXBuildFile; fileRef = 3AC9608022EF4CC10045887F /* City.swift */; };
		3AD89A2322CE886000A6A39A /* WeatherTableViewCell.swift in Sources */ = {isa = PBXBuildFile; fileRef = 3AD89A2122CE886000A6A39A /* WeatherTableViewCell.swift */; };
		3AD89A2422CE886000A6A39A /* WeatherTableViewCell.xib in Resources */ = {isa = PBXBuildFile; fileRef = 3AD89A2222CE886000A6A39A /* WeatherTableViewCell.xib */; };
		3AD89A2722CFF87000A6A39A /* WeatherCity.swift in Sources */ = {isa = PBXBuildFile; fileRef = 3AD89A2622CFF87000A6A39A /* WeatherCity.swift */; };
		3AD89A2922CFFDD200A6A39A /* Weather.swift in Sources */ = {isa = PBXBuildFile; fileRef = 3AD89A2822CFFDD200A6A39A /* Weather.swift */; };
		3AEF30A522E89AB0002849BF /* SearchTableViewCell.swift in Sources */ = {isa = PBXBuildFile; fileRef = 3AEF30A422E89AB0002849BF /* SearchTableViewCell.swift */; };
/* End PBXBuildFile section */

/* Begin PBXContainerItemProxy section */
		3A754A9C22C1323A00BBA6D2 /* PBXContainerItemProxy */ = {
			isa = PBXContainerItemProxy;
			containerPortal = 3A754A7F22C1323900BBA6D2 /* Project object */;
			proxyType = 1;
			remoteGlobalIDString = 3A754A8622C1323900BBA6D2;
			remoteInfo = Travel;
		};
		3A754AA722C1323A00BBA6D2 /* PBXContainerItemProxy */ = {
			isa = PBXContainerItemProxy;
			containerPortal = 3A754A7F22C1323900BBA6D2 /* Project object */;
			proxyType = 1;
			remoteGlobalIDString = 3A754A8622C1323900BBA6D2;
			remoteInfo = Travel;
		};
/* End PBXContainerItemProxy section */

/* Begin PBXFileReference section */
		3A0B083F231EDF3800F823B7 /* Double+Rounded.swift */ = {isa = PBXFileReference; lastKnownFileType = sourcecode.swift; path = "Double+Rounded.swift"; sourceTree = "<group>"; };
		3A0B084A23201AA300F823B7 /* Search.xcdatamodel */ = {isa = PBXFileReference; lastKnownFileType = wrapper.xcdatamodel; path = Search.xcdatamodel; sourceTree = "<group>"; };
		3A0B085123217DAD00F823B7 /* ExchangeTests.swift */ = {isa = PBXFileReference; lastKnownFileType = sourcecode.swift; path = ExchangeTests.swift; sourceTree = "<group>"; };
		3A247FA622F88D3B0097DB8D /* CityList.swift */ = {isa = PBXFileReference; lastKnownFileType = sourcecode.swift; path = CityList.swift; sourceTree = "<group>"; };
		3A647AD522DB9D6E00FE69EF /* WeatherTests.swift */ = {isa = PBXFileReference; lastKnownFileType = sourcecode.swift; path = WeatherTests.swift; sourceTree = "<group>"; };
		3A7247842326B71F00AC30D6 /* Translate.swift */ = {isa = PBXFileReference; lastKnownFileType = sourcecode.swift; path = Translate.swift; sourceTree = "<group>"; };
		3A72478623295ADC00AC30D6 /* TranslateText.swift */ = {isa = PBXFileReference; lastKnownFileType = sourcecode.swift; path = TranslateText.swift; sourceTree = "<group>"; };
		3A7247882329681400AC30D6 /* credentials.json */ = {isa = PBXFileReference; fileEncoding = 4; lastKnownFileType = text.json; path = credentials.json; sourceTree = "<group>"; };
		3A72478B23296F6200AC30D6 /* TranslationTests.swift */ = {isa = PBXFileReference; lastKnownFileType = sourcecode.swift; path = TranslationTests.swift; sourceTree = "<group>"; };
		3A754A8722C1323900BBA6D2 /* Travel.app */ = {isa = PBXFileReference; explicitFileType = wrapper.application; includeInIndex = 0; path = Travel.app; sourceTree = BUILT_PRODUCTS_DIR; };
		3A754A8A22C1323900BBA6D2 /* AppDelegate.swift */ = {isa = PBXFileReference; lastKnownFileType = sourcecode.swift; path = AppDelegate.swift; sourceTree = "<group>"; };
		3A754A8C22C1323900BBA6D2 /* WeatherViewController.swift */ = {isa = PBXFileReference; lastKnownFileType = sourcecode.swift; path = WeatherViewController.swift; sourceTree = "<group>"; };
		3A754A8F22C1323900BBA6D2 /* Base */ = {isa = PBXFileReference; lastKnownFileType = file.storyboard; name = Base; path = Base.lproj/Main.storyboard; sourceTree = "<group>"; };
		3A754A9122C1323A00BBA6D2 /* Assets.xcassets */ = {isa = PBXFileReference; lastKnownFileType = folder.assetcatalog; path = Assets.xcassets; sourceTree = "<group>"; };
		3A754A9422C1323A00BBA6D2 /* Base */ = {isa = PBXFileReference; lastKnownFileType = file.storyboard; name = Base; path = Base.lproj/LaunchScreen.storyboard; sourceTree = "<group>"; };
		3A754A9622C1323A00BBA6D2 /* Info.plist */ = {isa = PBXFileReference; lastKnownFileType = text.plist.xml; path = Info.plist; sourceTree = "<group>"; };
		3A754A9B22C1323A00BBA6D2 /* TravelTests.xctest */ = {isa = PBXFileReference; explicitFileType = wrapper.cfbundle; includeInIndex = 0; path = TravelTests.xctest; sourceTree = BUILT_PRODUCTS_DIR; };
		3A754AA122C1323A00BBA6D2 /* Info.plist */ = {isa = PBXFileReference; lastKnownFileType = text.plist.xml; path = Info.plist; sourceTree = "<group>"; };
		3A754AA622C1323A00BBA6D2 /* TravelUITests.xctest */ = {isa = PBXFileReference; explicitFileType = wrapper.cfbundle; includeInIndex = 0; path = TravelUITests.xctest; sourceTree = BUILT_PRODUCTS_DIR; };
		3A754AAA22C1323A00BBA6D2 /* TravelUITests.swift */ = {isa = PBXFileReference; lastKnownFileType = sourcecode.swift; path = TravelUITests.swift; sourceTree = "<group>"; };
		3A754AAC22C1323A00BBA6D2 /* Info.plist */ = {isa = PBXFileReference; lastKnownFileType = text.plist.xml; path = Info.plist; sourceTree = "<group>"; };
		3A754ABF22C2A6EA00BBA6D2 /* TranslationViewController.swift */ = {isa = PBXFileReference; lastKnownFileType = sourcecode.swift; path = TranslationViewController.swift; sourceTree = "<group>"; };
		3A79831E22D0A1420050E4B7 /* User.swift */ = {isa = PBXFileReference; lastKnownFileType = sourcecode.swift; path = User.swift; sourceTree = "<group>"; };
		3A79832022D0A34D0050E4B7 /* Const.swift */ = {isa = PBXFileReference; lastKnownFileType = sourcecode.swift; path = Const.swift; sourceTree = "<group>"; };
		3A86FECD231465240022D3FA /* Exchange.swift */ = {isa = PBXFileReference; lastKnownFileType = sourcecode.swift; path = Exchange.swift; sourceTree = "<group>"; };
		3A86FECF231466250022D3FA /* ExchangeSymbole.swift */ = {isa = PBXFileReference; lastKnownFileType = sourcecode.swift; path = ExchangeSymbole.swift; sourceTree = "<group>"; };
		3A86FED123146B6C0022D3FA /* ExchangeCurrencies.swift */ = {isa = PBXFileReference; lastKnownFileType = sourcecode.swift; path = ExchangeCurrencies.swift; sourceTree = "<group>"; };
		3A967EB4230860E8002754DD /* WeatherHeaderView.xib */ = {isa = PBXFileReference; lastKnownFileType = file.xib; path = WeatherHeaderView.xib; sourceTree = "<group>"; };
		3A967EB6230860FD002754DD /* WeatherHeaderView.swift */ = {isa = PBXFileReference; lastKnownFileType = sourcecode.swift; path = WeatherHeaderView.swift; sourceTree = "<group>"; };
		3A9BD93122E9DAD100116F53 /* ListCity.json */ = {isa = PBXFileReference; fileEncoding = 4; lastKnownFileType = text.json; path = ListCity.json; sourceTree = "<group>"; };
		3AB0856C22E855BE00194E8B /* SearchCityViewController.swift */ = {isa = PBXFileReference; lastKnownFileType = sourcecode.swift; path = SearchCityViewController.swift; sourceTree = "<group>"; };
		3AB1B543230DE3A80042ECD9 /* SettingsExchangeViewController.swift */ = {isa = PBXFileReference; lastKnownFileType = sourcecode.swift; path = SettingsExchangeViewController.swift; sourceTree = "<group>"; };
		3AB1B544230DE3A90042ECD9 /* SettingsExchangeViewController.xib */ = {isa = PBXFileReference; lastKnownFileType = file.xib; path = SettingsExchangeViewController.xib; sourceTree = "<group>"; };
		3AB1B547230DE7830042ECD9 /* ExchangeViewController.swift */ = {isa = PBXFileReference; lastKnownFileType = sourcecode.swift; path = ExchangeViewController.swift; sourceTree = "<group>"; };
		3AC9608022EF4CC10045887F /* City.swift */ = {isa = PBXFileReference; lastKnownFileType = sourcecode.swift; path = City.swift; sourceTree = "<group>"; };
		3AD89A2122CE886000A6A39A /* WeatherTableViewCell.swift */ = {isa = PBXFileReference; lastKnownFileType = sourcecode.swift; path = WeatherTableViewCell.swift; sourceTree = "<group>"; };
		3AD89A2222CE886000A6A39A /* WeatherTableViewCell.xib */ = {isa = PBXFileReference; lastKnownFileType = file.xib; path = WeatherTableViewCell.xib; sourceTree = "<group>"; };
		3AD89A2622CFF87000A6A39A /* WeatherCity.swift */ = {isa = PBXFileReference; lastKnownFileType = sourcecode.swift; path = WeatherCity.swift; sourceTree = "<group>"; };
		3AD89A2822CFFDD200A6A39A /* Weather.swift */ = {isa = PBXFileReference; lastKnownFileType = sourcecode.swift; path = Weather.swift; sourceTree = "<group>"; };
		3AEF30A422E89AB0002849BF /* SearchTableViewCell.swift */ = {isa = PBXFileReference; lastKnownFileType = sourcecode.swift; path = SearchTableViewCell.swift; sourceTree = "<group>"; };
/* End PBXFileReference section */

/* Begin PBXFrameworksBuildPhase section */
		3A754A8422C1323900BBA6D2 /* Frameworks */ = {
			isa = PBXFrameworksBuildPhase;
			buildActionMask = 2147483647;
			files = (
			);
			runOnlyForDeploymentPostprocessing = 0;
		};
		3A754A9822C1323A00BBA6D2 /* Frameworks */ = {
			isa = PBXFrameworksBuildPhase;
			buildActionMask = 2147483647;
			files = (
			);
			runOnlyForDeploymentPostprocessing = 0;
		};
		3A754AA322C1323A00BBA6D2 /* Frameworks */ = {
			isa = PBXFrameworksBuildPhase;
			buildActionMask = 2147483647;
			files = (
			);
			runOnlyForDeploymentPostprocessing = 0;
		};
/* End PBXFrameworksBuildPhase section */

/* Begin PBXGroup section */
		3A0B083E231EDF1700F823B7 /* Extensions */ = {
			isa = PBXGroup;
			children = (
				3A0B083F231EDF3800F823B7 /* Double+Rounded.swift */,
			);
			path = Extensions;
			sourceTree = "<group>";
		};
		3A0B084923201A2A00F823B7 /* CoreData */ = {
			isa = PBXGroup;
			children = (
				3A0B084A23201AA300F823B7 /* Search.xcdatamodel */,
			);
			path = CoreData;
			sourceTree = "<group>";
		};
		3A0B085023217D8500F823B7 /* Exchange */ = {
			isa = PBXGroup;
			children = (
				3A0B085123217DAD00F823B7 /* ExchangeTests.swift */,
			);
			path = Exchange;
			sourceTree = "<group>";
		};
		3A0C153B22E7AAA4003A1D3E /* Weather */ = {
			isa = PBXGroup;
			children = (
				3A754A8C22C1323900BBA6D2 /* WeatherViewController.swift */,
				3AB0856C22E855BE00194E8B /* SearchCityViewController.swift */,
			);
			path = Weather;
			sourceTree = "<group>";
		};
		3A647AD422DB9D1F00FE69EF /* Weather */ = {
			isa = PBXGroup;
			children = (
				3A647AD522DB9D6E00FE69EF /* WeatherTests.swift */,
			);
			path = Weather;
			sourceTree = "<group>";
		};
		3A7247832326B70400AC30D6 /* Translate */ = {
			isa = PBXGroup;
			children = (
				3A7247842326B71F00AC30D6 /* Translate.swift */,
				3A72478623295ADC00AC30D6 /* TranslateText.swift */,
			);
			path = Translate;
			sourceTree = "<group>";
		};
		3A72478A23296F4C00AC30D6 /* Translation */ = {
			isa = PBXGroup;
			children = (
				3A72478B23296F6200AC30D6 /* TranslationTests.swift */,
			);
			path = Translation;
			sourceTree = "<group>";
		};
		3A754A7E22C1323900BBA6D2 = {
			isa = PBXGroup;
			children = (
				3A754A8922C1323900BBA6D2 /* Travel */,
				3A754A9E22C1323A00BBA6D2 /* TravelTests */,
				3A754AA922C1323A00BBA6D2 /* TravelUITests */,
				3A754A8822C1323900BBA6D2 /* Products */,
			);
			sourceTree = "<group>";
		};
		3A754A8822C1323900BBA6D2 /* Products */ = {
			isa = PBXGroup;
			children = (
				3A754A8722C1323900BBA6D2 /* Travel.app */,
				3A754A9B22C1323A00BBA6D2 /* TravelTests.xctest */,
				3A754AA622C1323A00BBA6D2 /* TravelUITests.xctest */,
			);
			name = Products;
			sourceTree = "<group>";
		};
		3A754A8922C1323900BBA6D2 /* Travel */ = {
			isa = PBXGroup;
			children = (
				3A754AB822C2A58E00BBA6D2 /* Model */,
				3A754AB922C2A59900BBA6D2 /* View */,
				3A754ABA22C2A5A000BBA6D2 /* Controllers */,
				3A0B083E231EDF1700F823B7 /* Extensions */,
				3A79832322D0A3A90050E4B7 /* Ressource */,
				3A754ABB22C2A5C400BBA6D2 /* Supporting files */,
				3A754A8A22C1323900BBA6D2 /* AppDelegate.swift */,
			);
			path = Travel;
			sourceTree = "<group>";
		};
		3A754A9E22C1323A00BBA6D2 /* TravelTests */ = {
			isa = PBXGroup;
			children = (
				3A72478A23296F4C00AC30D6 /* Translation */,
				3A0B085023217D8500F823B7 /* Exchange */,
				3A647AD422DB9D1F00FE69EF /* Weather */,
				3A754AA122C1323A00BBA6D2 /* Info.plist */,
			);
			path = TravelTests;
			sourceTree = "<group>";
		};
		3A754AA922C1323A00BBA6D2 /* TravelUITests */ = {
			isa = PBXGroup;
			children = (
				3A754AAA22C1323A00BBA6D2 /* TravelUITests.swift */,
				3A754AAC22C1323A00BBA6D2 /* Info.plist */,
			);
			path = TravelUITests;
			sourceTree = "<group>";
		};
		3A754AB822C2A58E00BBA6D2 /* Model */ = {
			isa = PBXGroup;
			children = (
				3A7247832326B70400AC30D6 /* Translate */,
				3A86FECC231464D50022D3FA /* Exchange */,
				3A79831D22D0A1300050E4B7 /* User */,
				3AD89A2522CFF83E00A6A39A /* Weather */,
			);
			path = Model;
			sourceTree = "<group>";
		};
		3A754AB922C2A59900BBA6D2 /* View */ = {
			isa = PBXGroup;
			children = (
				3AB1B542230DE3760042ECD9 /* ExchangeSettingViewController */,
				3A967EB3230860B3002754DD /* WeatherHeaderView */,
				3AEF30A322E89A8E002849BF /* SearchTableViewCell */,
				3AD89A1E22CE87FB00A6A39A /* WeatherTableViewCell */,
				3A754ABC22C2A5F400BBA6D2 /* Storyboard */,
			);
			path = View;
			sourceTree = "<group>";
		};
		3A754ABA22C2A5A000BBA6D2 /* Controllers */ = {
			isa = PBXGroup;
			children = (
				3A967ED1230869CF002754DD /* ExchangeRate */,
				3A0C153B22E7AAA4003A1D3E /* Weather */,
				3A754ABF22C2A6EA00BBA6D2 /* TranslationViewController.swift */,
			);
			path = Controllers;
			sourceTree = "<group>";
		};
		3A754ABB22C2A5C400BBA6D2 /* Supporting files */ = {
			isa = PBXGroup;
			children = (
				3A7247882329681400AC30D6 /* credentials.json */,
				3A754A9622C1323A00BBA6D2 /* Info.plist */,
				3A754A9122C1323A00BBA6D2 /* Assets.xcassets */,
			);
			path = "Supporting files";
			sourceTree = "<group>";
		};
		3A754ABC22C2A5F400BBA6D2 /* Storyboard */ = {
			isa = PBXGroup;
			children = (
				3A754A8E22C1323900BBA6D2 /* Main.storyboard */,
				3A754A9322C1323A00BBA6D2 /* LaunchScreen.storyboard */,
			);
			path = Storyboard;
			sourceTree = "<group>";
		};
		3A79831D22D0A1300050E4B7 /* User */ = {
			isa = PBXGroup;
			children = (
				3A79831E22D0A1420050E4B7 /* User.swift */,
			);
			path = User;
			sourceTree = "<group>";
		};
		3A79832222D0A3520050E4B7 /* Const */ = {
			isa = PBXGroup;
			children = (
				3A79832022D0A34D0050E4B7 /* Const.swift */,
			);
			path = Const;
			sourceTree = "<group>";
		};
		3A79832322D0A3A90050E4B7 /* Ressource */ = {
			isa = PBXGroup;
			children = (
				3A0B084923201A2A00F823B7 /* CoreData */,
				3A9BD93022E9DAA900116F53 /* JSON */,
				3A79832222D0A3520050E4B7 /* Const */,
			);
			path = Ressource;
			sourceTree = "<group>";
		};
		3A86FECC231464D50022D3FA /* Exchange */ = {
			isa = PBXGroup;
			children = (
				3A86FECD231465240022D3FA /* Exchange.swift */,
				3A86FECF231466250022D3FA /* ExchangeSymbole.swift */,
				3A86FED123146B6C0022D3FA /* ExchangeCurrencies.swift */,
			);
			path = Exchange;
			sourceTree = "<group>";
		};
		3A967EB3230860B3002754DD /* WeatherHeaderView */ = {
			isa = PBXGroup;
			children = (
				3A967EB4230860E8002754DD /* WeatherHeaderView.xib */,
				3A967EB6230860FD002754DD /* WeatherHeaderView.swift */,
			);
			path = WeatherHeaderView;
			sourceTree = "<group>";
		};
		3A967ED1230869CF002754DD /* ExchangeRate */ = {
			isa = PBXGroup;
			children = (
				3AB1B547230DE7830042ECD9 /* ExchangeViewController.swift */,
			);
			path = ExchangeRate;
			sourceTree = "<group>";
		};
		3A9BD93022E9DAA900116F53 /* JSON */ = {
			isa = PBXGroup;
			children = (
				3A9BD93122E9DAD100116F53 /* ListCity.json */,
			);
			path = JSON;
			sourceTree = "<group>";
		};
		3AB1B542230DE3760042ECD9 /* ExchangeSettingViewController */ = {
			isa = PBXGroup;
			children = (
				3AB1B543230DE3A80042ECD9 /* SettingsExchangeViewController.swift */,
				3AB1B544230DE3A90042ECD9 /* SettingsExchangeViewController.xib */,
			);
			path = ExchangeSettingViewController;
			sourceTree = "<group>";
		};
		3AD89A1E22CE87FB00A6A39A /* WeatherTableViewCell */ = {
			isa = PBXGroup;
			children = (
				3AD89A2122CE886000A6A39A /* WeatherTableViewCell.swift */,
				3AD89A2222CE886000A6A39A /* WeatherTableViewCell.xib */,
			);
			path = WeatherTableViewCell;
			sourceTree = "<group>";
		};
		3AD89A2522CFF83E00A6A39A /* Weather */ = {
			isa = PBXGroup;
			children = (
				3AD89A2622CFF87000A6A39A /* WeatherCity.swift */,
				3AD89A2822CFFDD200A6A39A /* Weather.swift */,
				3AC9608022EF4CC10045887F /* City.swift */,
				3A247FA622F88D3B0097DB8D /* CityList.swift */,
			);
			path = Weather;
			sourceTree = "<group>";
		};
		3AEF30A322E89A8E002849BF /* SearchTableViewCell */ = {
			isa = PBXGroup;
			children = (
				3AEF30A422E89AB0002849BF /* SearchTableViewCell.swift */,
			);
			path = SearchTableViewCell;
			sourceTree = "<group>";
		};
/* End PBXGroup section */

/* Begin PBXNativeTarget section */
		3A754A8622C1323900BBA6D2 /* Travel */ = {
			isa = PBXNativeTarget;
			buildConfigurationList = 3A754AAF22C1323A00BBA6D2 /* Build configuration list for PBXNativeTarget "Travel" */;
			buildPhases = (
				3A754A8322C1323900BBA6D2 /* Sources */,
				3A754A8422C1323900BBA6D2 /* Frameworks */,
				3A754A8522C1323900BBA6D2 /* Resources */,
			);
			buildRules = (
			);
			dependencies = (
			);
			name = Travel;
			productName = Travel;
			productReference = 3A754A8722C1323900BBA6D2 /* Travel.app */;
			productType = "com.apple.product-type.application";
		};
		3A754A9A22C1323A00BBA6D2 /* TravelTests */ = {
			isa = PBXNativeTarget;
			buildConfigurationList = 3A754AB222C1323A00BBA6D2 /* Build configuration list for PBXNativeTarget "TravelTests" */;
			buildPhases = (
				3A754A9722C1323A00BBA6D2 /* Sources */,
				3A754A9822C1323A00BBA6D2 /* Frameworks */,
				3A754A9922C1323A00BBA6D2 /* Resources */,
			);
			buildRules = (
			);
			dependencies = (
				3A754A9D22C1323A00BBA6D2 /* PBXTargetDependency */,
			);
			name = TravelTests;
			productName = TravelTests;
			productReference = 3A754A9B22C1323A00BBA6D2 /* TravelTests.xctest */;
			productType = "com.apple.product-type.bundle.unit-test";
		};
		3A754AA522C1323A00BBA6D2 /* TravelUITests */ = {
			isa = PBXNativeTarget;
			buildConfigurationList = 3A754AB522C1323A00BBA6D2 /* Build configuration list for PBXNativeTarget "TravelUITests" */;
			buildPhases = (
				3A754AA222C1323A00BBA6D2 /* Sources */,
				3A754AA322C1323A00BBA6D2 /* Frameworks */,
				3A754AA422C1323A00BBA6D2 /* Resources */,
			);
			buildRules = (
			);
			dependencies = (
				3A754AA822C1323A00BBA6D2 /* PBXTargetDependency */,
			);
			name = TravelUITests;
			productName = TravelUITests;
			productReference = 3A754AA622C1323A00BBA6D2 /* TravelUITests.xctest */;
			productType = "com.apple.product-type.bundle.ui-testing";
		};
/* End PBXNativeTarget section */

/* Begin PBXProject section */
		3A754A7F22C1323900BBA6D2 /* Project object */ = {
			isa = PBXProject;
			attributes = {
				LastSwiftUpdateCheck = 1020;
				LastUpgradeCheck = 1020;
				ORGANIZATIONNAME = TeddyBerard;
				TargetAttributes = {
					3A754A8622C1323900BBA6D2 = {
						CreatedOnToolsVersion = 10.2.1;
					};
					3A754A9A22C1323A00BBA6D2 = {
						CreatedOnToolsVersion = 10.2.1;
						TestTargetID = 3A754A8622C1323900BBA6D2;
					};
					3A754AA522C1323A00BBA6D2 = {
						CreatedOnToolsVersion = 10.2.1;
						TestTargetID = 3A754A8622C1323900BBA6D2;
					};
				};
			};
			buildConfigurationList = 3A754A8222C1323900BBA6D2 /* Build configuration list for PBXProject "Travel" */;
			compatibilityVersion = "Xcode 9.3";
			developmentRegion = en;
			hasScannedForEncodings = 0;
			knownRegions = (
				en,
				Base,
			);
			mainGroup = 3A754A7E22C1323900BBA6D2;
			productRefGroup = 3A754A8822C1323900BBA6D2 /* Products */;
			projectDirPath = "";
			projectRoot = "";
			targets = (
				3A754A8622C1323900BBA6D2 /* Travel */,
				3A754A9A22C1323A00BBA6D2 /* TravelTests */,
				3A754AA522C1323A00BBA6D2 /* TravelUITests */,
			);
		};
/* End PBXProject section */

/* Begin PBXResourcesBuildPhase section */
		3A754A8522C1323900BBA6D2 /* Resources */ = {
			isa = PBXResourcesBuildPhase;
			buildActionMask = 2147483647;
			files = (
				3A967EB5230860E8002754DD /* WeatherHeaderView.xib in Resources */,
				3AD89A2422CE886000A6A39A /* WeatherTableViewCell.xib in Resources */,
				3A9BD93222E9DAD200116F53 /* ListCity.json in Resources */,
				3A754A9522C1323A00BBA6D2 /* LaunchScreen.storyboard in Resources */,
				3AB1B546230DE3A90042ECD9 /* SettingsExchangeViewController.xib in Resources */,
				3A754A9222C1323A00BBA6D2 /* Assets.xcassets in Resources */,
				3A754A9022C1323900BBA6D2 /* Main.storyboard in Resources */,
				3A7247892329681400AC30D6 /* credentials.json in Resources */,
			);
			runOnlyForDeploymentPostprocessing = 0;
		};
		3A754A9922C1323A00BBA6D2 /* Resources */ = {
			isa = PBXResourcesBuildPhase;
			buildActionMask = 2147483647;
			files = (
			);
			runOnlyForDeploymentPostprocessing = 0;
		};
		3A754AA422C1323A00BBA6D2 /* Resources */ = {
			isa = PBXResourcesBuildPhase;
			buildActionMask = 2147483647;
			files = (
			);
			runOnlyForDeploymentPostprocessing = 0;
		};
/* End PBXResourcesBuildPhase section */

/* Begin PBXSourcesBuildPhase section */
		3A754A8322C1323900BBA6D2 /* Sources */ = {
			isa = PBXSourcesBuildPhase;
			buildActionMask = 2147483647;
			files = (
				3AD89A2922CFFDD200A6A39A /* Weather.swift in Sources */,
				3A967EB7230860FD002754DD /* WeatherHeaderView.swift in Sources */,
				3AB0856D22E855BE00194E8B /* SearchCityViewController.swift in Sources */,
				3AD89A2322CE886000A6A39A /* WeatherTableViewCell.swift in Sources */,
				3A86FED0231466250022D3FA /* ExchangeSymbole.swift in Sources */,
				3A754AC022C2A6EA00BBA6D2 /* TranslationViewController.swift in Sources */,
				3A247FA722F88D3B0097DB8D /* CityList.swift in Sources */,
				3AEF30A522E89AB0002849BF /* SearchTableViewCell.swift in Sources */,
				3A79831F22D0A1420050E4B7 /* User.swift in Sources */,
				3A754A8D22C1323900BBA6D2 /* WeatherViewController.swift in Sources */,
				3A754A8B22C1323900BBA6D2 /* AppDelegate.swift in Sources */,
				3AD89A2722CFF87000A6A39A /* WeatherCity.swift in Sources */,
				3A0B084B23201AA300F823B7 /* Search.xcdatamodel in Sources */,
				3A72478723295ADC00AC30D6 /* TranslateText.swift in Sources */,
				3A86FED223146B6C0022D3FA /* ExchangeCurrencies.swift in Sources */,
				3A0B0840231EDF3800F823B7 /* Double+Rounded.swift in Sources */,
				3AC9608122EF4CC10045887F /* City.swift in Sources */,
				3A86FECE231465240022D3FA /* Exchange.swift in Sources */,
				3A7247852326B71F00AC30D6 /* Translate.swift in Sources */,
				3A79832122D0A34D0050E4B7 /* Const.swift in Sources */,
				3AB1B545230DE3A90042ECD9 /* SettingsExchangeViewController.swift in Sources */,
				3AB1B548230DE7830042ECD9 /* ExchangeViewController.swift in Sources */,
			);
			runOnlyForDeploymentPostprocessing = 0;
		};
		3A754A9722C1323A00BBA6D2 /* Sources */ = {
			isa = PBXSourcesBuildPhase;
			buildActionMask = 2147483647;
			files = (
				3A72478C23296F6200AC30D6 /* TranslationTests.swift in Sources */,
				3A0B085223217DAD00F823B7 /* ExchangeTests.swift in Sources */,
				3A647AD622DB9D6E00FE69EF /* WeatherTests.swift in Sources */,
			);
			runOnlyForDeploymentPostprocessing = 0;
		};
		3A754AA222C1323A00BBA6D2 /* Sources */ = {
			isa = PBXSourcesBuildPhase;
			buildActionMask = 2147483647;
			files = (
				3A754AAB22C1323A00BBA6D2 /* TravelUITests.swift in Sources */,
			);
			runOnlyForDeploymentPostprocessing = 0;
		};
/* End PBXSourcesBuildPhase section */

/* Begin PBXTargetDependency section */
		3A754A9D22C1323A00BBA6D2 /* PBXTargetDependency */ = {
			isa = PBXTargetDependency;
			target = 3A754A8622C1323900BBA6D2 /* Travel */;
			targetProxy = 3A754A9C22C1323A00BBA6D2 /* PBXContainerItemProxy */;
		};
		3A754AA822C1323A00BBA6D2 /* PBXTargetDependency */ = {
			isa = PBXTargetDependency;
			target = 3A754A8622C1323900BBA6D2 /* Travel */;
			targetProxy = 3A754AA722C1323A00BBA6D2 /* PBXContainerItemProxy */;
		};
/* End PBXTargetDependency section */

/* Begin PBXVariantGroup section */
		3A754A8E22C1323900BBA6D2 /* Main.storyboard */ = {
			isa = PBXVariantGroup;
			children = (
				3A754A8F22C1323900BBA6D2 /* Base */,
			);
			name = Main.storyboard;
			sourceTree = "<group>";
		};
		3A754A9322C1323A00BBA6D2 /* LaunchScreen.storyboard */ = {
			isa = PBXVariantGroup;
			children = (
				3A754A9422C1323A00BBA6D2 /* Base */,
			);
			name = LaunchScreen.storyboard;
			sourceTree = "<group>";
		};
/* End PBXVariantGroup section */

/* Begin XCBuildConfiguration section */
		3A754AAD22C1323A00BBA6D2 /* Debug */ = {
			isa = XCBuildConfiguration;
			buildSettings = {
				ALWAYS_SEARCH_USER_PATHS = NO;
				CLANG_ANALYZER_NONNULL = YES;
				CLANG_ANALYZER_NUMBER_OBJECT_CONVERSION = YES_AGGRESSIVE;
				CLANG_CXX_LANGUAGE_STANDARD = "gnu++14";
				CLANG_CXX_LIBRARY = "libc++";
				CLANG_ENABLE_MODULES = YES;
				CLANG_ENABLE_OBJC_ARC = YES;
				CLANG_ENABLE_OBJC_WEAK = YES;
				CLANG_WARN_BLOCK_CAPTURE_AUTORELEASING = YES;
				CLANG_WARN_BOOL_CONVERSION = YES;
				CLANG_WARN_COMMA = YES;
				CLANG_WARN_CONSTANT_CONVERSION = YES;
				CLANG_WARN_DEPRECATED_OBJC_IMPLEMENTATIONS = YES;
				CLANG_WARN_DIRECT_OBJC_ISA_USAGE = YES_ERROR;
				CLANG_WARN_DOCUMENTATION_COMMENTS = YES;
				CLANG_WARN_EMPTY_BODY = YES;
				CLANG_WARN_ENUM_CONVERSION = YES;
				CLANG_WARN_INFINITE_RECURSION = YES;
				CLANG_WARN_INT_CONVERSION = YES;
				CLANG_WARN_NON_LITERAL_NULL_CONVERSION = YES;
				CLANG_WARN_OBJC_IMPLICIT_RETAIN_SELF = YES;
				CLANG_WARN_OBJC_LITERAL_CONVERSION = YES;
				CLANG_WARN_OBJC_ROOT_CLASS = YES_ERROR;
				CLANG_WARN_RANGE_LOOP_ANALYSIS = YES;
				CLANG_WARN_STRICT_PROTOTYPES = YES;
				CLANG_WARN_SUSPICIOUS_MOVE = YES;
				CLANG_WARN_UNGUARDED_AVAILABILITY = YES_AGGRESSIVE;
				CLANG_WARN_UNREACHABLE_CODE = YES;
				CLANG_WARN__DUPLICATE_METHOD_MATCH = YES;
				CODE_SIGN_IDENTITY = "iPhone Developer";
				COPY_PHASE_STRIP = NO;
				DEBUG_INFORMATION_FORMAT = dwarf;
				ENABLE_STRICT_OBJC_MSGSEND = YES;
				ENABLE_TESTABILITY = YES;
				GCC_C_LANGUAGE_STANDARD = gnu11;
				GCC_DYNAMIC_NO_PIC = NO;
				GCC_NO_COMMON_BLOCKS = YES;
				GCC_OPTIMIZATION_LEVEL = 0;
				GCC_PREPROCESSOR_DEFINITIONS = (
					"DEBUG=1",
					"$(inherited)",
				);
				GCC_WARN_64_TO_32_BIT_CONVERSION = YES;
				GCC_WARN_ABOUT_RETURN_TYPE = YES_ERROR;
				GCC_WARN_UNDECLARED_SELECTOR = YES;
				GCC_WARN_UNINITIALIZED_AUTOS = YES_AGGRESSIVE;
				GCC_WARN_UNUSED_FUNCTION = YES;
				GCC_WARN_UNUSED_VARIABLE = YES;
				IPHONEOS_DEPLOYMENT_TARGET = 12.2;
				MTL_ENABLE_DEBUG_INFO = INCLUDE_SOURCE;
				MTL_FAST_MATH = YES;
				ONLY_ACTIVE_ARCH = YES;
				SDKROOT = iphoneos;
				SWIFT_ACTIVE_COMPILATION_CONDITIONS = DEBUG;
				SWIFT_OPTIMIZATION_LEVEL = "-Onone";
			};
			name = Debug;
		};
		3A754AAE22C1323A00BBA6D2 /* Release */ = {
			isa = XCBuildConfiguration;
			buildSettings = {
				ALWAYS_SEARCH_USER_PATHS = NO;
				CLANG_ANALYZER_NONNULL = YES;
				CLANG_ANALYZER_NUMBER_OBJECT_CONVERSION = YES_AGGRESSIVE;
				CLANG_CXX_LANGUAGE_STANDARD = "gnu++14";
				CLANG_CXX_LIBRARY = "libc++";
				CLANG_ENABLE_MODULES = YES;
				CLANG_ENABLE_OBJC_ARC = YES;
				CLANG_ENABLE_OBJC_WEAK = YES;
				CLANG_WARN_BLOCK_CAPTURE_AUTORELEASING = YES;
				CLANG_WARN_BOOL_CONVERSION = YES;
				CLANG_WARN_COMMA = YES;
				CLANG_WARN_CONSTANT_CONVERSION = YES;
				CLANG_WARN_DEPRECATED_OBJC_IMPLEMENTATIONS = YES;
				CLANG_WARN_DIRECT_OBJC_ISA_USAGE = YES_ERROR;
				CLANG_WARN_DOCUMENTATION_COMMENTS = YES;
				CLANG_WARN_EMPTY_BODY = YES;
				CLANG_WARN_ENUM_CONVERSION = YES;
				CLANG_WARN_INFINITE_RECURSION = YES;
				CLANG_WARN_INT_CONVERSION = YES;
				CLANG_WARN_NON_LITERAL_NULL_CONVERSION = YES;
				CLANG_WARN_OBJC_IMPLICIT_RETAIN_SELF = YES;
				CLANG_WARN_OBJC_LITERAL_CONVERSION = YES;
				CLANG_WARN_OBJC_ROOT_CLASS = YES_ERROR;
				CLANG_WARN_RANGE_LOOP_ANALYSIS = YES;
				CLANG_WARN_STRICT_PROTOTYPES = YES;
				CLANG_WARN_SUSPICIOUS_MOVE = YES;
				CLANG_WARN_UNGUARDED_AVAILABILITY = YES_AGGRESSIVE;
				CLANG_WARN_UNREACHABLE_CODE = YES;
				CLANG_WARN__DUPLICATE_METHOD_MATCH = YES;
				CODE_SIGN_IDENTITY = "iPhone Developer";
				COPY_PHASE_STRIP = NO;
				DEBUG_INFORMATION_FORMAT = "dwarf-with-dsym";
				ENABLE_NS_ASSERTIONS = NO;
				ENABLE_STRICT_OBJC_MSGSEND = YES;
				GCC_C_LANGUAGE_STANDARD = gnu11;
				GCC_NO_COMMON_BLOCKS = YES;
				GCC_WARN_64_TO_32_BIT_CONVERSION = YES;
				GCC_WARN_ABOUT_RETURN_TYPE = YES_ERROR;
				GCC_WARN_UNDECLARED_SELECTOR = YES;
				GCC_WARN_UNINITIALIZED_AUTOS = YES_AGGRESSIVE;
				GCC_WARN_UNUSED_FUNCTION = YES;
				GCC_WARN_UNUSED_VARIABLE = YES;
				IPHONEOS_DEPLOYMENT_TARGET = 12.2;
				MTL_ENABLE_DEBUG_INFO = NO;
				MTL_FAST_MATH = YES;
				SDKROOT = iphoneos;
				SWIFT_COMPILATION_MODE = wholemodule;
				SWIFT_OPTIMIZATION_LEVEL = "-O";
				VALIDATE_PRODUCT = YES;
			};
			name = Release;
		};
		3A754AB022C1323A00BBA6D2 /* Debug */ = {
			isa = XCBuildConfiguration;
			buildSettings = {
				ASSETCATALOG_COMPILER_APPICON_NAME = AppIcon;
				CODE_SIGN_STYLE = Automatic;
				DEVELOPMENT_TEAM = 9M4XX8662M;
				INFOPLIST_FILE = "$(SRCROOT)/Travel/Supporting files/Info.plist";
				IPHONEOS_DEPLOYMENT_TARGET = 11.0;
				LD_RUNPATH_SEARCH_PATHS = (
					"$(inherited)",
					"@executable_path/Frameworks",
				);
				PRODUCT_BUNDLE_IDENTIFIER = x;
				PRODUCT_NAME = "$(TARGET_NAME)";
				SWIFT_VERSION = 5.0;
				TARGETED_DEVICE_FAMILY = "1,2";
			};
			name = Debug;
		};
		3A754AB122C1323A00BBA6D2 /* Release */ = {
			isa = XCBuildConfiguration;
			buildSettings = {
				ASSETCATALOG_COMPILER_APPICON_NAME = AppIcon;
				CODE_SIGN_STYLE = Automatic;
				DEVELOPMENT_TEAM = 9M4XX8662M;
				INFOPLIST_FILE = "$(SRCROOT)/Travel/Supporting files/Info.plist";
				IPHONEOS_DEPLOYMENT_TARGET = 11.0;
				LD_RUNPATH_SEARCH_PATHS = (
					"$(inherited)",
					"@executable_path/Frameworks",
				);
				PRODUCT_BUNDLE_IDENTIFIER = x;
				PRODUCT_NAME = "$(TARGET_NAME)";
				SWIFT_VERSION = 5.0;
				TARGETED_DEVICE_FAMILY = "1,2";
			};
			name = Release;
		};
		3A754AB322C1323A00BBA6D2 /* Debug */ = {
			isa = XCBuildConfiguration;
			buildSettings = {
				ALWAYS_EMBED_SWIFT_STANDARD_LIBRARIES = YES;
				BUNDLE_LOADER = "$(TEST_HOST)";
				CODE_SIGN_STYLE = Automatic;
				DEVELOPMENT_TEAM = 9M4XX8662M;
				INFOPLIST_FILE = TravelTests/Info.plist;
				LD_RUNPATH_SEARCH_PATHS = (
					"$(inherited)",
					"@executable_path/Frameworks",
					"@loader_path/Frameworks",
				);
				PRODUCT_BUNDLE_IDENTIFIER = com.tb.openclassrooms.TravelTests;
				PRODUCT_NAME = "$(TARGET_NAME)";
				SWIFT_VERSION = 5.0;
				TARGETED_DEVICE_FAMILY = "1,2";
				TEST_HOST = "$(BUILT_PRODUCTS_DIR)/Travel.app/Travel";
			};
			name = Debug;
		};
		3A754AB422C1323A00BBA6D2 /* Release */ = {
			isa = XCBuildConfiguration;
			buildSettings = {
				ALWAYS_EMBED_SWIFT_STANDARD_LIBRARIES = YES;
				BUNDLE_LOADER = "$(TEST_HOST)";
				CODE_SIGN_STYLE = Automatic;
				DEVELOPMENT_TEAM = 9M4XX8662M;
				INFOPLIST_FILE = TravelTests/Info.plist;
				LD_RUNPATH_SEARCH_PATHS = (
					"$(inherited)",
					"@executable_path/Frameworks",
					"@loader_path/Frameworks",
				);
				PRODUCT_BUNDLE_IDENTIFIER = com.tb.openclassrooms.TravelTests;
				PRODUCT_NAME = "$(TARGET_NAME)";
				SWIFT_VERSION = 5.0;
				TARGETED_DEVICE_FAMILY = "1,2";
				TEST_HOST = "$(BUILT_PRODUCTS_DIR)/Travel.app/Travel";
			};
			name = Release;
		};
		3A754AB622C1323A00BBA6D2 /* Debug */ = {
			isa = XCBuildConfiguration;
			buildSettings = {
				ALWAYS_EMBED_SWIFT_STANDARD_LIBRARIES = YES;
				CODE_SIGN_STYLE = Automatic;
				DEVELOPMENT_TEAM = 9M4XX8662M;
				INFOPLIST_FILE = TravelUITests/Info.plist;
				LD_RUNPATH_SEARCH_PATHS = (
					"$(inherited)",
					"@executable_path/Frameworks",
					"@loader_path/Frameworks",
				);
				PRODUCT_BUNDLE_IDENTIFIER = com.tb.openclassrooms.TravelUITests;
				PRODUCT_NAME = "$(TARGET_NAME)";
				SWIFT_VERSION = 5.0;
				TARGETED_DEVICE_FAMILY = "1,2";
				TEST_TARGET_NAME = Travel;
			};
			name = Debug;
		};
		3A754AB722C1323A00BBA6D2 /* Release */ = {
			isa = XCBuildConfiguration;
			buildSettings = {
				ALWAYS_EMBED_SWIFT_STANDARD_LIBRARIES = YES;
				CODE_SIGN_STYLE = Automatic;
				DEVELOPMENT_TEAM = 9M4XX8662M;
				INFOPLIST_FILE = TravelUITests/Info.plist;
				LD_RUNPATH_SEARCH_PATHS = (
					"$(inherited)",
					"@executable_path/Frameworks",
					"@loader_path/Frameworks",
				);
				PRODUCT_BUNDLE_IDENTIFIER = com.tb.openclassrooms.TravelUITests;
				PRODUCT_NAME = "$(TARGET_NAME)";
				SWIFT_VERSION = 5.0;
				TARGETED_DEVICE_FAMILY = "1,2";
				TEST_TARGET_NAME = Travel;
			};
			name = Release;
		};
/* End XCBuildConfiguration section */

/* Begin XCConfigurationList section */
		3A754A8222C1323900BBA6D2 /* Build configuration list for PBXProject "Travel" */ = {
			isa = XCConfigurationList;
			buildConfigurations = (
				3A754AAD22C1323A00BBA6D2 /* Debug */,
				3A754AAE22C1323A00BBA6D2 /* Release */,
			);
			defaultConfigurationIsVisible = 0;
			defaultConfigurationName = Release;
		};
		3A754AAF22C1323A00BBA6D2 /* Build configuration list for PBXNativeTarget "Travel" */ = {
			isa = XCConfigurationList;
			buildConfigurations = (
				3A754AB022C1323A00BBA6D2 /* Debug */,
				3A754AB122C1323A00BBA6D2 /* Release */,
			);
			defaultConfigurationIsVisible = 0;
			defaultConfigurationName = Release;
		};
		3A754AB222C1323A00BBA6D2 /* Build configuration list for PBXNativeTarget "TravelTests" */ = {
			isa = XCConfigurationList;
			buildConfigurations = (
				3A754AB322C1323A00BBA6D2 /* Debug */,
				3A754AB422C1323A00BBA6D2 /* Release */,
			);
			defaultConfigurationIsVisible = 0;
			defaultConfigurationName = Release;
		};
		3A754AB522C1323A00BBA6D2 /* Build configuration list for PBXNativeTarget "TravelUITests" */ = {
			isa = XCConfigurationList;
			buildConfigurations = (
				3A754AB622C1323A00BBA6D2 /* Debug */,
				3A754AB722C1323A00BBA6D2 /* Release */,
			);
			defaultConfigurationIsVisible = 0;
			defaultConfigurationName = Release;
		};
/* End XCConfigurationList section */
	};
	rootObject = 3A754A7F22C1323900BBA6D2 /* Project object */;
}
